// !$*UTF8*$!
{
	archiveVersion = 1;
	classes = {
	};
	objectVersion = 46;
	objects = {

/* Begin PBXBuildFile section */
		549B573C1B178F8E00766AF7 /* OGCarbon.swift in Sources */ = {isa = PBXBuildFile; fileRef = 549B573B1B178F8E00766AF7 /* OGCarbon.swift */; };
		549B573E1B1796AE00766AF7 /* OGHideRequired.swift in Sources */ = {isa = PBXBuildFile; fileRef = 549B573D1B1796AE00766AF7 /* OGHideRequired.swift */; };
		549B57401B1798EB00766AF7 /* OGNitrous.swift in Sources */ = {isa = PBXBuildFile; fileRef = 549B573F1B1798EB00766AF7 /* OGNitrous.swift */; };
		549B57431B179D9300766AF7 /* OGCarbonFactory.swift in Sources */ = {isa = PBXBuildFile; fileRef = 549B57421B179D9300766AF7 /* OGCarbonFactory.swift */; };
		E242CC401B150848000E5A1C /* OGFactory.swift in Sources */ = {isa = PBXBuildFile; fileRef = E242CC3F1B150847000E5A1C /* OGFactory.swift */; };
		E242CC421B15085C000E5A1C /* OGMolecule.swift in Sources */ = {isa = PBXBuildFile; fileRef = E242CC411B15085C000E5A1C /* OGMolecule.swift */; };
		E26209581B1397110033BC70 /* OGPlanet.swift in Sources */ = {isa = PBXBuildFile; fileRef = E26209571B1397110033BC70 /* OGPlanet.swift */; };
		E28883101B0E4E4900FE0C8C /* AppDelegate.swift in Sources */ = {isa = PBXBuildFile; fileRef = E288830F1B0E4E4900FE0C8C /* AppDelegate.swift */; };
		E28883141B0E4E4900FE0C8C /* GameScene.swift in Sources */ = {isa = PBXBuildFile; fileRef = E28883131B0E4E4900FE0C8C /* GameScene.swift */; };
		E28883161B0E4E4900FE0C8C /* GameViewController.swift in Sources */ = {isa = PBXBuildFile; fileRef = E28883151B0E4E4900FE0C8C /* GameViewController.swift */; };
		E28883191B0E4E4900FE0C8C /* Main.storyboard in Resources */ = {isa = PBXBuildFile; fileRef = E28883171B0E4E4900FE0C8C /* Main.storyboard */; };
		E288831B1B0E4E4900FE0C8C /* Images.xcassets in Resources */ = {isa = PBXBuildFile; fileRef = E288831A1B0E4E4900FE0C8C /* Images.xcassets */; };
		E288831E1B0E4E4900FE0C8C /* LaunchScreen.xib in Resources */ = {isa = PBXBuildFile; fileRef = E288831C1B0E4E4900FE0C8C /* LaunchScreen.xib */; };
		E288832A1B0E4E4900FE0C8C /* OzonioGameTests.swift in Sources */ = {isa = PBXBuildFile; fileRef = E28883291B0E4E4900FE0C8C /* OzonioGameTests.swift */; };
		E29194F21B13A459005BB643 /* OGOzoneLayer.swift in Sources */ = {isa = PBXBuildFile; fileRef = E29194F11B13A459005BB643 /* OGOzoneLayer.swift */; };
		E29194F41B13A9F2005BB643 /* OGSun.swift in Sources */ = {isa = PBXBuildFile; fileRef = E29194F31B13A9F2005BB643 /* OGSun.swift */; };
		E29194F61B13BDCF005BB643 /* OGBackground.swift in Sources */ = {isa = PBXBuildFile; fileRef = E29194F51B13BDCF005BB643 /* OGBackground.swift */; };
		E2C7FE1A1B0FB169004E6A7E /* fireSun.sks in Resources */ = {isa = PBXBuildFile; fileRef = E2C7FE181B0FB169004E6A7E /* fireSun.sks */; };
		E2C7FE1B1B0FB169004E6A7E /* spark.png in Resources */ = {isa = PBXBuildFile; fileRef = E2C7FE191B0FB169004E6A7E /* spark.png */; };
/* End PBXBuildFile section */

/* Begin PBXContainerItemProxy section */
		E28883241B0E4E4900FE0C8C /* PBXContainerItemProxy */ = {
			isa = PBXContainerItemProxy;
			containerPortal = E28883021B0E4E4900FE0C8C /* Project object */;
			proxyType = 1;
			remoteGlobalIDString = E28883091B0E4E4900FE0C8C;
			remoteInfo = OzonioGame;
		};
/* End PBXContainerItemProxy section */

/* Begin PBXFileReference section */
		549B573B1B178F8E00766AF7 /* OGCarbon.swift */ = {isa = PBXFileReference; fileEncoding = 4; lastKnownFileType = sourcecode.swift; path = OGCarbon.swift; sourceTree = "<group>"; };
		549B573D1B1796AE00766AF7 /* OGHideRequired.swift */ = {isa = PBXFileReference; fileEncoding = 4; lastKnownFileType = sourcecode.swift; path = OGHideRequired.swift; sourceTree = "<group>"; };
		549B573F1B1798EB00766AF7 /* OGNitrous.swift */ = {isa = PBXFileReference; fileEncoding = 4; lastKnownFileType = sourcecode.swift; path = OGNitrous.swift; sourceTree = "<group>"; };
		549B57421B179D9300766AF7 /* OGCarbonFactory.swift */ = {isa = PBXFileReference; fileEncoding = 4; lastKnownFileType = sourcecode.swift; path = OGCarbonFactory.swift; sourceTree = "<group>"; };
		E242CC3F1B150847000E5A1C /* OGFactory.swift */ = {isa = PBXFileReference; fileEncoding = 4; lastKnownFileType = sourcecode.swift; path = OGFactory.swift; sourceTree = "<group>"; };
		E242CC411B15085C000E5A1C /* OGMolecule.swift */ = {isa = PBXFileReference; fileEncoding = 4; lastKnownFileType = sourcecode.swift; path = OGMolecule.swift; sourceTree = "<group>"; };
		E26209571B1397110033BC70 /* OGPlanet.swift */ = {isa = PBXFileReference; fileEncoding = 4; lastKnownFileType = sourcecode.swift; path = OGPlanet.swift; sourceTree = "<group>"; };
		E288830A1B0E4E4900FE0C8C /* OzonioGame.app */ = {isa = PBXFileReference; explicitFileType = wrapper.application; includeInIndex = 0; path = OzonioGame.app; sourceTree = BUILT_PRODUCTS_DIR; };
		E288830E1B0E4E4900FE0C8C /* Info.plist */ = {isa = PBXFileReference; lastKnownFileType = text.plist.xml; path = Info.plist; sourceTree = "<group>"; };
		E288830F1B0E4E4900FE0C8C /* AppDelegate.swift */ = {isa = PBXFileReference; lastKnownFileType = sourcecode.swift; path = AppDelegate.swift; sourceTree = "<group>"; };
		E28883131B0E4E4900FE0C8C /* GameScene.swift */ = {isa = PBXFileReference; lastKnownFileType = sourcecode.swift; path = GameScene.swift; sourceTree = "<group>"; };
		E28883151B0E4E4900FE0C8C /* GameViewController.swift */ = {isa = PBXFileReference; lastKnownFileType = sourcecode.swift; path = GameViewController.swift; sourceTree = "<group>"; };
		E28883181B0E4E4900FE0C8C /* Base */ = {isa = PBXFileReference; lastKnownFileType = file.storyboard; name = Base; path = Base.lproj/Main.storyboard; sourceTree = "<group>"; };
		E288831A1B0E4E4900FE0C8C /* Images.xcassets */ = {isa = PBXFileReference; lastKnownFileType = folder.assetcatalog; path = Images.xcassets; sourceTree = "<group>"; };
		E288831D1B0E4E4900FE0C8C /* Base */ = {isa = PBXFileReference; lastKnownFileType = file.xib; name = Base; path = Base.lproj/LaunchScreen.xib; sourceTree = "<group>"; };
		E28883231B0E4E4900FE0C8C /* OzonioGameTests.xctest */ = {isa = PBXFileReference; explicitFileType = wrapper.cfbundle; includeInIndex = 0; path = OzonioGameTests.xctest; sourceTree = BUILT_PRODUCTS_DIR; };
		E28883281B0E4E4900FE0C8C /* Info.plist */ = {isa = PBXFileReference; lastKnownFileType = text.plist.xml; path = Info.plist; sourceTree = "<group>"; };
		E28883291B0E4E4900FE0C8C /* OzonioGameTests.swift */ = {isa = PBXFileReference; lastKnownFileType = sourcecode.swift; path = OzonioGameTests.swift; sourceTree = "<group>"; };
		E29194F11B13A459005BB643 /* OGOzoneLayer.swift */ = {isa = PBXFileReference; fileEncoding = 4; lastKnownFileType = sourcecode.swift; path = OGOzoneLayer.swift; sourceTree = "<group>"; };
		E29194F31B13A9F2005BB643 /* OGSun.swift */ = {isa = PBXFileReference; fileEncoding = 4; lastKnownFileType = sourcecode.swift; path = OGSun.swift; sourceTree = "<group>"; };
		E29194F51B13BDCF005BB643 /* OGBackground.swift */ = {isa = PBXFileReference; fileEncoding = 4; lastKnownFileType = sourcecode.swift; path = OGBackground.swift; sourceTree = "<group>"; };
		E2C7FE181B0FB169004E6A7E /* fireSun.sks */ = {isa = PBXFileReference; lastKnownFileType = file.sks; path = fireSun.sks; sourceTree = "<group>"; };
		E2C7FE191B0FB169004E6A7E /* spark.png */ = {isa = PBXFileReference; lastKnownFileType = image.png; path = spark.png; sourceTree = "<group>"; };
/* End PBXFileReference section */

/* Begin PBXFrameworksBuildPhase section */
		E28883071B0E4E4900FE0C8C /* Frameworks */ = {
			isa = PBXFrameworksBuildPhase;
			buildActionMask = 2147483647;
			files = (
			);
			runOnlyForDeploymentPostprocessing = 0;
		};
		E28883201B0E4E4900FE0C8C /* Frameworks */ = {
			isa = PBXFrameworksBuildPhase;
			buildActionMask = 2147483647;
			files = (
			);
			runOnlyForDeploymentPostprocessing = 0;
		};
/* End PBXFrameworksBuildPhase section */

/* Begin PBXGroup section */
		549B57411B1799AC00766AF7 /* Molecule */ = {
			isa = PBXGroup;
			children = (
				E242CC411B15085C000E5A1C /* OGMolecule.swift */,
				549B573B1B178F8E00766AF7 /* OGCarbon.swift */,
				549B573F1B1798EB00766AF7 /* OGNitrous.swift */,
			);
			name = Molecule;
			sourceTree = "<group>";
		};
		E28883011B0E4E4900FE0C8C = {
			isa = PBXGroup;
			children = (
				E288830C1B0E4E4900FE0C8C /* OzonioGame */,
				E28883261B0E4E4900FE0C8C /* OzonioGameTests */,
				E288830B1B0E4E4900FE0C8C /* Products */,
			);
			sourceTree = "<group>";
		};
		E288830B1B0E4E4900FE0C8C /* Products */ = {
			isa = PBXGroup;
			children = (
				E288830A1B0E4E4900FE0C8C /* OzonioGame.app */,
				E28883231B0E4E4900FE0C8C /* OzonioGameTests.xctest */,
			);
			name = Products;
			sourceTree = "<group>";
		};
		E288830C1B0E4E4900FE0C8C /* OzonioGame */ = {
			isa = PBXGroup;
			children = (
				E29194F81B13C1FA005BB643 /* GameControl */,
				E29194F71B13C1C0005BB643 /* OGClasses */,
				E29194F91B13C220005BB643 /* Particulas */,
				E288831A1B0E4E4900FE0C8C /* Images.xcassets */,
				E288830D1B0E4E4900FE0C8C /* Supporting Files */,
			);
			path = OzonioGame;
			sourceTree = "<group>";
		};
		E288830D1B0E4E4900FE0C8C /* Supporting Files */ = {
			isa = PBXGroup;
			children = (
				E288830E1B0E4E4900FE0C8C /* Info.plist */,
			);
			name = "Supporting Files";
			sourceTree = "<group>";
		};
		E28883261B0E4E4900FE0C8C /* OzonioGameTests */ = {
			isa = PBXGroup;
			children = (
				E28883291B0E4E4900FE0C8C /* OzonioGameTests.swift */,
				E28883271B0E4E4900FE0C8C /* Supporting Files */,
			);
			path = OzonioGameTests;
			sourceTree = "<group>";
		};
		E28883271B0E4E4900FE0C8C /* Supporting Files */ = {
			isa = PBXGroup;
			children = (
				E28883281B0E4E4900FE0C8C /* Info.plist */,
			);
			name = "Supporting Files";
			sourceTree = "<group>";
		};
		E29194F71B13C1C0005BB643 /* OGClasses */ = {
			isa = PBXGroup;
			children = (
				549B573D1B1796AE00766AF7 /* OGHideRequired.swift */,
				E29194F51B13BDCF005BB643 /* OGBackground.swift */,
				E29194F11B13A459005BB643 /* OGOzoneLayer.swift */,
				E29194F31B13A9F2005BB643 /* OGSun.swift */,
				E26209571B1397110033BC70 /* OGPlanet.swift */,
				E242CC3F1B150847000E5A1C /* OGFactory.swift */,
				549B57421B179D9300766AF7 /* OGCarbonFactory.swift */,
				549B57411B1799AC00766AF7 /* Molecule */,
			);
			name = OGClasses;
			sourceTree = "<group>";
		};
		E29194F81B13C1FA005BB643 /* GameControl */ = {
			isa = PBXGroup;
			children = (
				E28883171B0E4E4900FE0C8C /* Main.storyboard */,
				E288831C1B0E4E4900FE0C8C /* LaunchScreen.xib */,
				E288830F1B0E4E4900FE0C8C /* AppDelegate.swift */,
				E28883151B0E4E4900FE0C8C /* GameViewController.swift */,
				E28883131B0E4E4900FE0C8C /* GameScene.swift */,
			);
			name = GameControl;
			sourceTree = "<group>";
		};
		E29194F91B13C220005BB643 /* Particulas */ = {
			isa = PBXGroup;
			children = (
				E2C7FE181B0FB169004E6A7E /* fireSun.sks */,
				E2C7FE191B0FB169004E6A7E /* spark.png */,
			);
			name = Particulas;
			sourceTree = "<group>";
		};
/* End PBXGroup section */

/* Begin PBXNativeTarget section */
		E28883091B0E4E4900FE0C8C /* OzonioGame */ = {
			isa = PBXNativeTarget;
			buildConfigurationList = E288832D1B0E4E4900FE0C8C /* Build configuration list for PBXNativeTarget "OzonioGame" */;
			buildPhases = (
				E28883061B0E4E4900FE0C8C /* Sources */,
				E28883071B0E4E4900FE0C8C /* Frameworks */,
				E28883081B0E4E4900FE0C8C /* Resources */,
			);
			buildRules = (
			);
			dependencies = (
			);
			name = OzonioGame;
			productName = OzonioGame;
			productReference = E288830A1B0E4E4900FE0C8C /* OzonioGame.app */;
			productType = "com.apple.product-type.application";
		};
		E28883221B0E4E4900FE0C8C /* OzonioGameTests */ = {
			isa = PBXNativeTarget;
			buildConfigurationList = E28883301B0E4E4900FE0C8C /* Build configuration list for PBXNativeTarget "OzonioGameTests" */;
			buildPhases = (
				E288831F1B0E4E4900FE0C8C /* Sources */,
				E28883201B0E4E4900FE0C8C /* Frameworks */,
				E28883211B0E4E4900FE0C8C /* Resources */,
			);
			buildRules = (
			);
			dependencies = (
				E28883251B0E4E4900FE0C8C /* PBXTargetDependency */,
			);
			name = OzonioGameTests;
			productName = OzonioGameTests;
			productReference = E28883231B0E4E4900FE0C8C /* OzonioGameTests.xctest */;
			productType = "com.apple.product-type.bundle.unit-test";
		};
/* End PBXNativeTarget section */

/* Begin PBXProject section */
		E28883021B0E4E4900FE0C8C /* Project object */ = {
			isa = PBXProject;
			attributes = {
				LastUpgradeCheck = 0630;
				ORGANIZATIONNAME = FantasyName;
				TargetAttributes = {
					E28883091B0E4E4900FE0C8C = {
						CreatedOnToolsVersion = 6.3.2;
					};
					E28883221B0E4E4900FE0C8C = {
						CreatedOnToolsVersion = 6.3.2;
						TestTargetID = E28883091B0E4E4900FE0C8C;
					};
				};
			};
			buildConfigurationList = E28883051B0E4E4900FE0C8C /* Build configuration list for PBXProject "OzonioGame" */;
			compatibilityVersion = "Xcode 3.2";
			developmentRegion = English;
			hasScannedForEncodings = 0;
			knownRegions = (
				en,
				Base,
			);
			mainGroup = E28883011B0E4E4900FE0C8C;
			productRefGroup = E288830B1B0E4E4900FE0C8C /* Products */;
			projectDirPath = "";
			projectRoot = "";
			targets = (
				E28883091B0E4E4900FE0C8C /* OzonioGame */,
				E28883221B0E4E4900FE0C8C /* OzonioGameTests */,
			);
		};
/* End PBXProject section */

/* Begin PBXResourcesBuildPhase section */
		E28883081B0E4E4900FE0C8C /* Resources */ = {
			isa = PBXResourcesBuildPhase;
			buildActionMask = 2147483647;
			files = (
				E2C7FE1B1B0FB169004E6A7E /* spark.png in Resources */,
				E288831E1B0E4E4900FE0C8C /* LaunchScreen.xib in Resources */,
				E288831B1B0E4E4900FE0C8C /* Images.xcassets in Resources */,
				E2C7FE1A1B0FB169004E6A7E /* fireSun.sks in Resources */,
				E28883191B0E4E4900FE0C8C /* Main.storyboard in Resources */,
			);
			runOnlyForDeploymentPostprocessing = 0;
		};
		E28883211B0E4E4900FE0C8C /* Resources */ = {
			isa = PBXResourcesBuildPhase;
			buildActionMask = 2147483647;
			files = (
			);
			runOnlyForDeploymentPostprocessing = 0;
		};
/* End PBXResourcesBuildPhase section */

/* Begin PBXSourcesBuildPhase section */
		E28883061B0E4E4900FE0C8C /* Sources */ = {
			isa = PBXSourcesBuildPhase;
			buildActionMask = 2147483647;
			files = (
				549B57401B1798EB00766AF7 /* OGNitrous.swift in Sources */,
				549B57431B179D9300766AF7 /* OGCarbonFactory.swift in Sources */,
				E242CC401B150848000E5A1C /* OGFactory.swift in Sources */,
				E29194F61B13BDCF005BB643 /* OGBackground.swift in Sources */,
				E29194F41B13A9F2005BB643 /* OGSun.swift in Sources */,
				E29194F21B13A459005BB643 /* OGOzoneLayer.swift in Sources */,
				E242CC421B15085C000E5A1C /* OGMolecule.swift in Sources */,
				E28883141B0E4E4900FE0C8C /* GameScene.swift in Sources */,
				549B573C1B178F8E00766AF7 /* OGCarbon.swift in Sources */,
				E28883161B0E4E4900FE0C8C /* GameViewController.swift in Sources */,
				549B573E1B1796AE00766AF7 /* OGHideRequired.swift in Sources */,
				E28883101B0E4E4900FE0C8C /* AppDelegate.swift in Sources */,
				E26209581B1397110033BC70 /* OGPlanet.swift in Sources */,
			);
			runOnlyForDeploymentPostprocessing = 0;
		};
		E288831F1B0E4E4900FE0C8C /* Sources */ = {
			isa = PBXSourcesBuildPhase;
			buildActionMask = 2147483647;
			files = (
				E288832A1B0E4E4900FE0C8C /* OzonioGameTests.swift in Sources */,
			);
			runOnlyForDeploymentPostprocessing = 0;
		};
/* End PBXSourcesBuildPhase section */

/* Begin PBXTargetDependency section */
		E28883251B0E4E4900FE0C8C /* PBXTargetDependency */ = {
			isa = PBXTargetDependency;
			target = E28883091B0E4E4900FE0C8C /* OzonioGame */;
			targetProxy = E28883241B0E4E4900FE0C8C /* PBXContainerItemProxy */;
		};
/* End PBXTargetDependency section */

/* Begin PBXVariantGroup section */
		E28883171B0E4E4900FE0C8C /* Main.storyboard */ = {
			isa = PBXVariantGroup;
			children = (
				E28883181B0E4E4900FE0C8C /* Base */,
			);
			name = Main.storyboard;
			sourceTree = "<group>";
		};
		E288831C1B0E4E4900FE0C8C /* LaunchScreen.xib */ = {
			isa = PBXVariantGroup;
			children = (
				E288831D1B0E4E4900FE0C8C /* Base */,
			);
			name = LaunchScreen.xib;
			sourceTree = "<group>";
		};
/* End PBXVariantGroup section */

/* Begin XCBuildConfiguration section */
		E288832B1B0E4E4900FE0C8C /* Debug */ = {
			isa = XCBuildConfiguration;
			buildSettings = {
				ALWAYS_SEARCH_USER_PATHS = NO;
				CLANG_CXX_LANGUAGE_STANDARD = "gnu++0x";
				CLANG_CXX_LIBRARY = "libc++";
				CLANG_ENABLE_MODULES = YES;
				CLANG_ENABLE_OBJC_ARC = YES;
				CLANG_WARN_BOOL_CONVERSION = YES;
				CLANG_WARN_CONSTANT_CONVERSION = YES;
				CLANG_WARN_DIRECT_OBJC_ISA_USAGE = YES_ERROR;
				CLANG_WARN_EMPTY_BODY = YES;
				CLANG_WARN_ENUM_CONVERSION = YES;
				CLANG_WARN_INT_CONVERSION = YES;
				CLANG_WARN_OBJC_ROOT_CLASS = YES_ERROR;
				CLANG_WARN_UNREACHABLE_CODE = YES;
				CLANG_WARN__DUPLICATE_METHOD_MATCH = YES;
				"CODE_SIGN_IDENTITY[sdk=iphoneos*]" = "iPhone Developer";
				COPY_PHASE_STRIP = NO;
				DEBUG_INFORMATION_FORMAT = "dwarf-with-dsym";
				ENABLE_STRICT_OBJC_MSGSEND = YES;
				GCC_C_LANGUAGE_STANDARD = gnu99;
				GCC_DYNAMIC_NO_PIC = NO;
				GCC_NO_COMMON_BLOCKS = YES;
				GCC_OPTIMIZATION_LEVEL = 0;
				GCC_PREPROCESSOR_DEFINITIONS = (
					"DEBUG=1",
					"$(inherited)",
				);
				GCC_SYMBOLS_PRIVATE_EXTERN = NO;
				GCC_WARN_64_TO_32_BIT_CONVERSION = YES;
				GCC_WARN_ABOUT_RETURN_TYPE = YES_ERROR;
				GCC_WARN_UNDECLARED_SELECTOR = YES;
				GCC_WARN_UNINITIALIZED_AUTOS = YES_AGGRESSIVE;
				GCC_WARN_UNUSED_FUNCTION = YES;
				GCC_WARN_UNUSED_VARIABLE = YES;
				IPHONEOS_DEPLOYMENT_TARGET = 8.3;
				MTL_ENABLE_DEBUG_INFO = YES;
				ONLY_ACTIVE_ARCH = YES;
				SDKROOT = iphoneos;
				SWIFT_OPTIMIZATION_LEVEL = "-Onone";
			};
			name = Debug;
		};
		E288832C1B0E4E4900FE0C8C /* Release */ = {
			isa = XCBuildConfiguration;
			buildSettings = {
				ALWAYS_SEARCH_USER_PATHS = NO;
				CLANG_CXX_LANGUAGE_STANDARD = "gnu++0x";
				CLANG_CXX_LIBRARY = "libc++";
				CLANG_ENABLE_MODULES = YES;
				CLANG_ENABLE_OBJC_ARC = YES;
				CLANG_WARN_BOOL_CONVERSION = YES;
				CLANG_WARN_CONSTANT_CONVERSION = YES;
				CLANG_WARN_DIRECT_OBJC_ISA_USAGE = YES_ERROR;
				CLANG_WARN_EMPTY_BODY = YES;
				CLANG_WARN_ENUM_CONVERSION = YES;
				CLANG_WARN_INT_CONVERSION = YES;
				CLANG_WARN_OBJC_ROOT_CLASS = YES_ERROR;
				CLANG_WARN_UNREACHABLE_CODE = YES;
				CLANG_WARN__DUPLICATE_METHOD_MATCH = YES;
				"CODE_SIGN_IDENTITY[sdk=iphoneos*]" = "iPhone Developer";
				COPY_PHASE_STRIP = NO;
				DEBUG_INFORMATION_FORMAT = "dwarf-with-dsym";
				ENABLE_NS_ASSERTIONS = NO;
				ENABLE_STRICT_OBJC_MSGSEND = YES;
				GCC_C_LANGUAGE_STANDARD = gnu99;
				GCC_NO_COMMON_BLOCKS = YES;
				GCC_WARN_64_TO_32_BIT_CONVERSION = YES;
				GCC_WARN_ABOUT_RETURN_TYPE = YES_ERROR;
				GCC_WARN_UNDECLARED_SELECTOR = YES;
				GCC_WARN_UNINITIALIZED_AUTOS = YES_AGGRESSIVE;
				GCC_WARN_UNUSED_FUNCTION = YES;
				GCC_WARN_UNUSED_VARIABLE = YES;
				IPHONEOS_DEPLOYMENT_TARGET = 8.3;
				MTL_ENABLE_DEBUG_INFO = NO;
				SDKROOT = iphoneos;
				VALIDATE_PRODUCT = YES;
			};
			name = Release;
		};
		E288832E1B0E4E4900FE0C8C /* Debug */ = {
			isa = XCBuildConfiguration;
			buildSettings = {
				ASSETCATALOG_COMPILER_APPICON_NAME = AppIcon;
				INFOPLIST_FILE = OzonioGame/Info.plist;
				LD_RUNPATH_SEARCH_PATHS = "$(inherited) @executable_path/Frameworks";
				PRODUCT_NAME = "$(TARGET_NAME)";
				TARGETED_DEVICE_FAMILY = "1,2";
			};
			name = Debug;
		};
		E288832F1B0E4E4900FE0C8C /* Release */ = {
			isa = XCBuildConfiguration;
			buildSettings = {
				ASSETCATALOG_COMPILER_APPICON_NAME = AppIcon;
				INFOPLIST_FILE = OzonioGame/Info.plist;
				LD_RUNPATH_SEARCH_PATHS = "$(inherited) @executable_path/Frameworks";
				PRODUCT_NAME = "$(TARGET_NAME)";
				TARGETED_DEVICE_FAMILY = "1,2";
			};
			name = Release;
		};
		E28883311B0E4E4900FE0C8C /* Debug */ = {
			isa = XCBuildConfiguration;
			buildSettings = {
				BUNDLE_LOADER = "$(TEST_HOST)";
				FRAMEWORK_SEARCH_PATHS = (
					"$(SDKROOT)/Developer/Library/Frameworks",
					"$(inherited)",
				);
				GCC_PREPROCESSOR_DEFINITIONS = (
					"DEBUG=1",
					"$(inherited)",
				);
				INFOPLIST_FILE = OzonioGameTests/Info.plist;
				LD_RUNPATH_SEARCH_PATHS = "$(inherited) @executable_path/Frameworks @loader_path/Frameworks";
				PRODUCT_NAME = "$(TARGET_NAME)";
				TEST_HOST = "$(BUILT_PRODUCTS_DIR)/OzonioGame.app/OzonioGame";
			};
			name = Debug;
		};
		E28883321B0E4E4900FE0C8C /* Release */ = {
			isa = XCBuildConfiguration;
			buildSettings = {
				BUNDLE_LOADER = "$(TEST_HOST)";
				FRAMEWORK_SEARCH_PATHS = (
					"$(SDKROOT)/Developer/Library/Frameworks",
					"$(inherited)",
				);
				INFOPLIST_FILE = OzonioGameTests/Info.plist;
				LD_RUNPATH_SEARCH_PATHS = "$(inherited) @executable_path/Frameworks @loader_path/Frameworks";
				PRODUCT_NAME = "$(TARGET_NAME)";
				TEST_HOST = "$(BUILT_PRODUCTS_DIR)/OzonioGame.app/OzonioGame";
			};
			name = Release;
		};
/* End XCBuildConfiguration section */

/* Begin XCConfigurationList section */
		E28883051B0E4E4900FE0C8C /* Build configuration list for PBXProject "OzonioGame" */ = {
			isa = XCConfigurationList;
			buildConfigurations = (
				E288832B1B0E4E4900FE0C8C /* Debug */,
				E288832C1B0E4E4900FE0C8C /* Release */,
			);
			defaultConfigurationIsVisible = 0;
			defaultConfigurationName = Release;
		};
		E288832D1B0E4E4900FE0C8C /* Build configuration list for PBXNativeTarget "OzonioGame" */ = {
			isa = XCConfigurationList;
			buildConfigurations = (
				E288832E1B0E4E4900FE0C8C /* Debug */,
				E288832F1B0E4E4900FE0C8C /* Release */,
			);
			defaultConfigurationIsVisible = 0;
			defaultConfigurationName = Release;
		};
		E28883301B0E4E4900FE0C8C /* Build configuration list for PBXNativeTarget "OzonioGameTests" */ = {
			isa = XCConfigurationList;
			buildConfigurations = (
				E28883311B0E4E4900FE0C8C /* Debug */,
				E28883321B0E4E4900FE0C8C /* Release */,
			);
			defaultConfigurationIsVisible = 0;
			defaultConfigurationName = Release;
		};
/* End XCConfigurationList section */
	};
	rootObject = E28883021B0E4E4900FE0C8C /* Project object */;
}
